
Microsoft Visual Studio Solution File, Format Version 11.00
# Visual Studio 2010
Project("{FAE04EC0-301F-11D3-BF4B-00C04F79EFBC}") = "RedisDeployCmdlets", "RedisDeployCmdlets\RedisDeployCmdlets.csproj", "{2F9BEF35-EB38-41C1-9A2E-136702720EE9}"
EndProject
Project("{FAE04EC0-301F-11D3-BF4B-00C04F79EFBC}") = "RedisServer", "RedisServer\RedisServer.csproj", "{8724EBEA-6875-4BCD-A538-30428EDABF27}"
EndProject
Project("{FAE04EC0-301F-11D3-BF4B-00C04F79EFBC}") = "RedisInstWA", "RedisInstWA\RedisInstWA.csproj", "{C8A325BB-0BF9-4A53-941E-3A84C2B27124}"
EndProject
Global
	GlobalSection(SolutionConfigurationPlatforms) = preSolution
		Debug|Any CPU = Debug|Any CPU
		Debug|Mixed Platforms = Debug|Mixed Platforms
		Debug|x86 = Debug|x86
		Release|Any CPU = Release|Any CPU
		Release|Mixed Platforms = Release|Mixed Platforms
		Release|x86 = Release|x86
	EndGlobalSection
	GlobalSection(ProjectConfigurationPlatforms) = postSolution
		{2F9BEF35-EB38-41C1-9A2E-136702720EE9}.Debug|Any CPU.ActiveCfg = Debug|Any CPU
		{2F9BEF35-EB38-41C1-9A2E-136702720EE9}.Debug|Any CPU.Build.0 = Debug|Any CPU
		{2F9BEF35-EB38-41C1-9A2E-136702720EE9}.Debug|Mixed Platforms.ActiveCfg = Debug|Any CPU
		{2F9BEF35-EB38-41C1-9A2E-136702720EE9}.Debug|Mixed Platforms.Build.0 = Debug|Any CPU
		{2F9BEF35-EB38-41C1-9A2E-136702720EE9}.Debug|x86.ActiveCfg = Debug|Any CPU
		{2F9BEF35-EB38-41C1-9A2E-136702720EE9}.Release|Any CPU.ActiveCfg = Release|Any CPU
		{2F9BEF35-EB38-41C1-9A2E-136702720EE9}.Release|Any CPU.Build.0 = Release|Any CPU
		{2F9BEF35-EB38-41C1-9A2E-136702720EE9}.Release|Mixed Platforms.ActiveCfg = Release|Any CPU
		{2F9BEF35-EB38-41C1-9A2E-136702720EE9}.Release|Mixed Platforms.Build.0 = Release|Any CPU
		{2F9BEF35-EB38-41C1-9A2E-136702720EE9}.Release|x86.ActiveCfg = Release|Any CPU
		{8724EBEA-6875-4BCD-A538-30428EDABF27}.Debug|Any CPU.ActiveCfg = Debug|Any CPU
		{8724EBEA-6875-4BCD-A538-30428EDABF27}.Debug|Any CPU.Build.0 = Debug|Any CPU
		{8724EBEA-6875-4BCD-A538-30428EDABF27}.Debug|Mixed Platforms.ActiveCfg = Debug|Any CPU
		{8724EBEA-6875-4BCD-A538-30428EDABF27}.Debug|Mixed Platforms.Build.0 = Debug|Any CPU
		{8724EBEA-6875-4BCD-A538-30428EDABF27}.Debug|x86.ActiveCfg = Debug|Any CPU
		{8724EBEA-6875-4BCD-A538-30428EDABF27}.Release|Any CPU.ActiveCfg = Release|Any CPU
		{8724EBEA-6875-4BCD-A538-30428EDABF27}.Release|Any CPU.Build.0 = Release|Any CPU
		{8724EBEA-6875-4BCD-A538-30428EDABF27}.Release|Mixed Platforms.ActiveCfg = Release|Any CPU
		{8724EBEA-6875-4BCD-A538-30428EDABF27}.Release|Mixed Platforms.Build.0 = Release|Any CPU
		{8724EBEA-6875-4BCD-A538-30428EDABF27}.Release|x86.ActiveCfg = Release|Any CPU
		{C8A325BB-0BF9-4A53-941E-3A84C2B27124}.Debug|Any CPU.ActiveCfg = Debug|x86
		{C8A325BB-0BF9-4A53-941E-3A84C2B27124}.Debug|Mixed Platforms.ActiveCfg = Debug|x86
		{C8A325BB-0BF9-4A53-941E-3A84C2B27124}.Debug|Mixed Platforms.Build.0 = Debug|x86
		{C8A325BB-0BF9-4A53-941E-3A84C2B27124}.Debug|x86.ActiveCfg = Debug|x86
		{C8A325BB-0BF9-4A53-941E-3A84C2B27124}.Debug|x86.Build.0 = Debug|x86
		{C8A325BB-0BF9-4A53-941E-3A84C2B27124}.Release|Any CPU.ActiveCfg = Release|x86
		{C8A325BB-0BF9-4A53-941E-3A84C2B27124}.Release|Mixed Platforms.ActiveCfg = Release|x86
		{C8A325BB-0BF9-4A53-941E-3A84C2B27124}.Release|Mixed Platforms.Build.0 = Release|x86
		{C8A325BB-0BF9-4A53-941E-3A84C2B27124}.Release|x86.ActiveCfg = Release|x86
		{C8A325BB-0BF9-4A53-941E-3A84C2B27124}.Release|x86.Build.0 = Release|x86
	EndGlobalSection
	GlobalSection(SolutionProperties) = preSolution
		HideSolutionNode = FALSE
	EndGlobalSection
EndGlobal
