
Microsoft Visual Studio Solution File, Format Version 12.00
# Visual Studio 2013
VisualStudioVersion = 12.0.21005.1
MinimumVisualStudioVersion = 10.0.40219.1
Project("{8BC9CEB8-8B4A-11D0-8D11-00A0C91BC942}") = "HiredisExample", "HiredisExample\HiredisExample.vcxproj", "{E1336854-4636-4306-B3A4-F46B4D3B1240}"
EndProject
Project("{8BC9CEB8-8B4A-11D0-8D11-00A0C91BC942}") = "Win32_Interop", "..\..\src\Win32_Interop\Win32_Interop.vcxproj", "{8C07F811-C81C-432C-B334-1AE6FAECF951}"
EndProject
Project("{8BC9CEB8-8B4A-11D0-8D11-00A0C91BC942}") = "hiredis", "..\hiredis\hiredis.vcxproj", "{13E85053-54B3-487B-8DDB-3430B1C1B3BF}"
EndProject
Global
	GlobalSection(SolutionConfigurationPlatforms) = preSolution
		Debug|x64 = Debug|x64
		Release|x64 = Release|x64
	EndGlobalSection
	GlobalSection(ProjectConfigurationPlatforms) = postSolution
		{E1336854-4636-4306-B3A4-F46B4D3B1240}.Debug|x64.ActiveCfg = Debug|x64
		{E1336854-4636-4306-B3A4-F46B4D3B1240}.Debug|x64.Build.0 = Debug|x64
		{E1336854-4636-4306-B3A4-F46B4D3B1240}.Release|x64.ActiveCfg = Release|x64
		{E1336854-4636-4306-B3A4-F46B4D3B1240}.Release|x64.Build.0 = Release|x64
		{8C07F811-C81C-432C-B334-1AE6FAECF951}.Debug|x64.ActiveCfg = Debug|x64
		{8C07F811-C81C-432C-B334-1AE6FAECF951}.Debug|x64.Build.0 = Debug|x64
		{8C07F811-C81C-432C-B334-1AE6FAECF951}.Release|x64.ActiveCfg = Release|x64
		{8C07F811-C81C-432C-B334-1AE6FAECF951}.Release|x64.Build.0 = Release|x64
		{13E85053-54B3-487B-8DDB-3430B1C1B3BF}.Debug|x64.ActiveCfg = Debug|x64
		{13E85053-54B3-487B-8DDB-3430B1C1B3BF}.Debug|x64.Build.0 = Debug|x64
		{13E85053-54B3-487B-8DDB-3430B1C1B3BF}.Release|x64.ActiveCfg = Release|x64
		{13E85053-54B3-487B-8DDB-3430B1C1B3BF}.Release|x64.Build.0 = Release|x64
	EndGlobalSection
	GlobalSection(SolutionProperties) = preSolution
		HideSolutionNode = FALSE
	EndGlobalSection
EndGlobal
