
Microsoft Visual Studio Solution File, Format Version 12.00
# Visual Studio 2013
VisualStudioVersion = 12.0.31101.0
MinimumVisualStudioVersion = 10.0.40219.1
Project("{8BC9CEB8-8B4A-11D0-8D11-00A0C91BC942}") = "RedisServer", "RedisServer.vcxproj", "{46842776-68A5-EC98-6A09-1859BBFC73AA}"
	ProjectSection(ProjectDependencies) = postProject
		{170B0909-5F75-467F-9501-C99DEC16C6DC} = {170B0909-5F75-467F-9501-C99DEC16C6DC}
		{13E85053-54B3-487B-8DDB-3430B1C1B3BF} = {13E85053-54B3-487B-8DDB-3430B1C1B3BF}
		{392BBB91-3934-4A56-AF42-65C5728311E8} = {392BBB91-3934-4A56-AF42-65C5728311E8}
		{52193A97-D010-41D6-BF2B-33E8E764E308} = {52193A97-D010-41D6-BF2B-33E8E764E308}
		{B00D4BB5-44DE-405E-839C-D16F547006CF} = {B00D4BB5-44DE-405E-839C-D16F547006CF}
		{A65C2CD6-72A3-441A-AEA3-D754BEA9A86A} = {A65C2CD6-72A3-441A-AEA3-D754BEA9A86A}
	EndProjectSection
EndProject
Project("{8BC9CEB8-8B4A-11D0-8D11-00A0C91BC942}") = "hiredis", "hiredis\hiredis.vcxproj", "{13E85053-54B3-487B-8DDB-3430B1C1B3BF}"
EndProject
Project("{8BC9CEB8-8B4A-11D0-8D11-00A0C91BC942}") = "RedisBenchmark", "RedisBenchmark\RedisBenchmark.vcxproj", "{B00D4BB5-44DE-405E-839C-D16F547006CF}"
	ProjectSection(ProjectDependencies) = postProject
		{13E85053-54B3-487B-8DDB-3430B1C1B3BF} = {13E85053-54B3-487B-8DDB-3430B1C1B3BF}
	EndProjectSection
EndProject
Project("{8BC9CEB8-8B4A-11D0-8D11-00A0C91BC942}") = "RedisCheckAof", "RedisCheckAof\RedisCheckAof.vcxproj", "{A65C2CD6-72A3-441A-AEA3-D754BEA9A86A}"
EndProject
Project("{8BC9CEB8-8B4A-11D0-8D11-00A0C91BC942}") = "RedisCheckDump", "RedisCheckDump\RedisCheckDump.vcxproj", "{52193A97-D010-41D6-BF2B-33E8E764E308}"
EndProject
Project("{8BC9CEB8-8B4A-11D0-8D11-00A0C91BC942}") = "RedisCli", "RedisCli\RedisCli.vcxproj", "{392BBB91-3934-4A56-AF42-65C5728311E8}"
	ProjectSection(ProjectDependencies) = postProject
		{13E85053-54B3-487B-8DDB-3430B1C1B3BF} = {13E85053-54B3-487B-8DDB-3430B1C1B3BF}
	EndProjectSection
EndProject
Project("{8BC9CEB8-8B4A-11D0-8D11-00A0C91BC942}") = "lua", "lua\lua\lua.vcxproj", "{170B0909-5F75-467F-9501-C99DEC16C6DC}"
EndProject
Project("{8BC9CEB8-8B4A-11D0-8D11-00A0C91BC942}") = "Win32_Interop", "..\src\Win32_Interop\Win32_Interop.vcxproj", "{8C07F811-C81C-432C-B334-1AE6FAECF951}"
EndProject
Project("{8BC9CEB8-8B4A-11D0-8D11-00A0C91BC942}") = "libjemalloc", "..\deps\jemalloc-win\projects\jemalloc\proj.win32\vc2013\jemalloc.vcxproj", "{8B897E33-6428-4254-8335-4911D179BAD1}"
EndProject
Global
	GlobalSection(SolutionConfigurationPlatforms) = preSolution
		Debug|x64 = Debug|x64
		Debug|x86 = Debug|x86
		Release|x64 = Release|x64
		Release|x86 = Release|x86
	EndGlobalSection
	GlobalSection(ProjectConfigurationPlatforms) = postSolution
		{46842776-68A5-EC98-6A09-1859BBFC73AA}.Debug|x64.ActiveCfg = Debug|x64
		{46842776-68A5-EC98-6A09-1859BBFC73AA}.Debug|x64.Build.0 = Debug|x64
		{46842776-68A5-EC98-6A09-1859BBFC73AA}.Debug|x86.ActiveCfg = Debug|Win32
		{46842776-68A5-EC98-6A09-1859BBFC73AA}.Debug|x86.Build.0 = Debug|Win32
		{46842776-68A5-EC98-6A09-1859BBFC73AA}.Release|x64.ActiveCfg = Release|x64
		{46842776-68A5-EC98-6A09-1859BBFC73AA}.Release|x64.Build.0 = Release|x64
		{46842776-68A5-EC98-6A09-1859BBFC73AA}.Release|x86.ActiveCfg = Release|Win32
		{46842776-68A5-EC98-6A09-1859BBFC73AA}.Release|x86.Build.0 = Release|Win32
		{13E85053-54B3-487B-8DDB-3430B1C1B3BF}.Debug|x64.ActiveCfg = Debug|x64
		{13E85053-54B3-487B-8DDB-3430B1C1B3BF}.Debug|x64.Build.0 = Debug|x64
		{13E85053-54B3-487B-8DDB-3430B1C1B3BF}.Debug|x86.ActiveCfg = Debug|Win32
		{13E85053-54B3-487B-8DDB-3430B1C1B3BF}.Debug|x86.Build.0 = Debug|Win32
		{13E85053-54B3-487B-8DDB-3430B1C1B3BF}.Release|x64.ActiveCfg = Release|x64
		{13E85053-54B3-487B-8DDB-3430B1C1B3BF}.Release|x64.Build.0 = Release|x64
		{13E85053-54B3-487B-8DDB-3430B1C1B3BF}.Release|x86.ActiveCfg = Release|Win32
		{13E85053-54B3-487B-8DDB-3430B1C1B3BF}.Release|x86.Build.0 = Release|Win32
		{B00D4BB5-44DE-405E-839C-D16F547006CF}.Debug|x64.ActiveCfg = Debug|x64
		{B00D4BB5-44DE-405E-839C-D16F547006CF}.Debug|x64.Build.0 = Debug|x64
		{B00D4BB5-44DE-405E-839C-D16F547006CF}.Debug|x86.ActiveCfg = Debug|Win32
		{B00D4BB5-44DE-405E-839C-D16F547006CF}.Debug|x86.Build.0 = Debug|Win32
		{B00D4BB5-44DE-405E-839C-D16F547006CF}.Release|x64.ActiveCfg = Release|x64
		{B00D4BB5-44DE-405E-839C-D16F547006CF}.Release|x64.Build.0 = Release|x64
		{B00D4BB5-44DE-405E-839C-D16F547006CF}.Release|x86.ActiveCfg = Release|Win32
		{B00D4BB5-44DE-405E-839C-D16F547006CF}.Release|x86.Build.0 = Release|Win32
		{A65C2CD6-72A3-441A-AEA3-D754BEA9A86A}.Debug|x64.ActiveCfg = Debug|x64
		{A65C2CD6-72A3-441A-AEA3-D754BEA9A86A}.Debug|x64.Build.0 = Debug|x64
		{A65C2CD6-72A3-441A-AEA3-D754BEA9A86A}.Debug|x86.ActiveCfg = Debug|Win32
		{A65C2CD6-72A3-441A-AEA3-D754BEA9A86A}.Debug|x86.Build.0 = Debug|Win32
		{A65C2CD6-72A3-441A-AEA3-D754BEA9A86A}.Release|x64.ActiveCfg = Release|x64
		{A65C2CD6-72A3-441A-AEA3-D754BEA9A86A}.Release|x64.Build.0 = Release|x64
		{A65C2CD6-72A3-441A-AEA3-D754BEA9A86A}.Release|x86.ActiveCfg = Release|Win32
		{A65C2CD6-72A3-441A-AEA3-D754BEA9A86A}.Release|x86.Build.0 = Release|Win32
		{52193A97-D010-41D6-BF2B-33E8E764E308}.Debug|x64.ActiveCfg = Debug|x64
		{52193A97-D010-41D6-BF2B-33E8E764E308}.Debug|x64.Build.0 = Debug|x64
		{52193A97-D010-41D6-BF2B-33E8E764E308}.Debug|x86.ActiveCfg = Debug|Win32
		{52193A97-D010-41D6-BF2B-33E8E764E308}.Debug|x86.Build.0 = Debug|Win32
		{52193A97-D010-41D6-BF2B-33E8E764E308}.Release|x64.ActiveCfg = Release|x64
		{52193A97-D010-41D6-BF2B-33E8E764E308}.Release|x64.Build.0 = Release|x64
		{52193A97-D010-41D6-BF2B-33E8E764E308}.Release|x86.ActiveCfg = Release|Win32
		{52193A97-D010-41D6-BF2B-33E8E764E308}.Release|x86.Build.0 = Release|Win32
		{392BBB91-3934-4A56-AF42-65C5728311E8}.Debug|x64.ActiveCfg = Debug|x64
		{392BBB91-3934-4A56-AF42-65C5728311E8}.Debug|x64.Build.0 = Debug|x64
		{392BBB91-3934-4A56-AF42-65C5728311E8}.Debug|x86.ActiveCfg = Debug|Win32
		{392BBB91-3934-4A56-AF42-65C5728311E8}.Debug|x86.Build.0 = Debug|Win32
		{392BBB91-3934-4A56-AF42-65C5728311E8}.Release|x64.ActiveCfg = Release|x64
		{392BBB91-3934-4A56-AF42-65C5728311E8}.Release|x64.Build.0 = Release|x64
		{392BBB91-3934-4A56-AF42-65C5728311E8}.Release|x86.ActiveCfg = Release|Win32
		{392BBB91-3934-4A56-AF42-65C5728311E8}.Release|x86.Build.0 = Release|Win32
		{170B0909-5F75-467F-9501-C99DEC16C6DC}.Debug|x64.ActiveCfg = Debug|x64
		{170B0909-5F75-467F-9501-C99DEC16C6DC}.Debug|x64.Build.0 = Debug|x64
		{170B0909-5F75-467F-9501-C99DEC16C6DC}.Debug|x86.ActiveCfg = Debug|Win32
		{170B0909-5F75-467F-9501-C99DEC16C6DC}.Debug|x86.Build.0 = Debug|Win32
		{170B0909-5F75-467F-9501-C99DEC16C6DC}.Release|x64.ActiveCfg = Release|x64
		{170B0909-5F75-467F-9501-C99DEC16C6DC}.Release|x64.Build.0 = Release|x64
		{170B0909-5F75-467F-9501-C99DEC16C6DC}.Release|x86.ActiveCfg = Release|Win32
		{170B0909-5F75-467F-9501-C99DEC16C6DC}.Release|x86.Build.0 = Release|Win32
		{8C07F811-C81C-432C-B334-1AE6FAECF951}.Debug|x64.ActiveCfg = Debug|x64
		{8C07F811-C81C-432C-B334-1AE6FAECF951}.Debug|x64.Build.0 = Debug|x64
		{8C07F811-C81C-432C-B334-1AE6FAECF951}.Debug|x86.ActiveCfg = Debug|Win32
		{8C07F811-C81C-432C-B334-1AE6FAECF951}.Debug|x86.Build.0 = Debug|Win32
		{8C07F811-C81C-432C-B334-1AE6FAECF951}.Release|x64.ActiveCfg = Release|x64
		{8C07F811-C81C-432C-B334-1AE6FAECF951}.Release|x64.Build.0 = Release|x64
		{8C07F811-C81C-432C-B334-1AE6FAECF951}.Release|x86.ActiveCfg = Release|Win32
		{8C07F811-C81C-432C-B334-1AE6FAECF951}.Release|x86.Build.0 = Release|Win32
		{8B897E33-6428-4254-8335-4911D179BAD1}.Debug|x64.ActiveCfg = Debug|x64
		{8B897E33-6428-4254-8335-4911D179BAD1}.Debug|x64.Build.0 = Debug|x64
		{8B897E33-6428-4254-8335-4911D179BAD1}.Debug|x86.ActiveCfg = Debug|Win32
		{8B897E33-6428-4254-8335-4911D179BAD1}.Debug|x86.Build.0 = Debug|Win32
		{8B897E33-6428-4254-8335-4911D179BAD1}.Release|x64.ActiveCfg = Release|x64
		{8B897E33-6428-4254-8335-4911D179BAD1}.Release|x64.Build.0 = Release|x64
		{8B897E33-6428-4254-8335-4911D179BAD1}.Release|x86.ActiveCfg = Release|Win32
		{8B897E33-6428-4254-8335-4911D179BAD1}.Release|x86.Build.0 = Release|Win32
	EndGlobalSection
	GlobalSection(SolutionProperties) = preSolution
		HideSolutionNode = FALSE
	EndGlobalSection
EndGlobal
